{"1.1.0",
[{<<"bbmustache">>,{pkg,<<"bbmustache">>,<<"1.5.0">>},0},
 {<<"jsx">>,{pkg,<<"jsx">>,<<"2.9.0">>},0}]}.
[
{pkg_hash,[
 {<<"bbmustache">>, <<"8CFDE0602E90A4057E161BF5288ADE854B4E511E2E8924966A8438730E958381">>},
 {<<"jsx">>, <<"D2F6E5F069C00266CAD52FB15D87C428579EA4D7D73A33669E12679E203329DD">>}]}
].
